// !$*UTF8*$!
{
	archiveVersion = 1;
	classes = {
	};
	objectVersion = 46;
	objects = {

/* Begin PBXBuildFile section */
		0C0C19451CEBFCBA00F66748 /* main.m in Sources */ = {isa = PBXBuildFile; fileRef = 0C0C19441CEBFCBA00F66748 /* main.m */; };
		0C0C19481CEBFCBA00F66748 /* AppDelegate.m in Sources */ = {isa = PBXBuildFile; fileRef = 0C0C19471CEBFCBA00F66748 /* AppDelegate.m */; };
		0C0C194B1CEBFCBA00F66748 /* ViewController.m in Sources */ = {isa = PBXBuildFile; fileRef = 0C0C194A1CEBFCBA00F66748 /* ViewController.m */; };
		0C0C19501CEBFCBA00F66748 /* Assets.xcassets in Resources */ = {isa = PBXBuildFile; fileRef = 0C0C194F1CEBFCBA00F66748 /* Assets.xcassets */; };
		0C0C19531CEBFCBA00F66748 /* LaunchScreen.storyboard in Resources */ = {isa = PBXBuildFile; fileRef = 0C0C19511CEBFCBA00F66748 /* LaunchScreen.storyboard */; };
		0C0C1DA61CEC444C00A5C13E /* AFHTTPRequestOperation.m in Sources */ = {isa = PBXBuildFile; fileRef = 0C0C1D7F1CEC444C00A5C13E /* AFHTTPRequestOperation.m */; };
		0C0C1DA71CEC444C00A5C13E /* AFHTTPRequestOperationManager.m in Sources */ = {isa = PBXBuildFile; fileRef = 0C0C1D811CEC444C00A5C13E /* AFHTTPRequestOperationManager.m */; };
		0C0C1DA81CEC444C00A5C13E /* AFHTTPSessionManager.m in Sources */ = {isa = PBXBuildFile; fileRef = 0C0C1D831CEC444C00A5C13E /* AFHTTPSessionManager.m */; };
		0C0C1DA91CEC444C00A5C13E /* AFNetworkReachabilityManager.m in Sources */ = {isa = PBXBuildFile; fileRef = 0C0C1D861CEC444C00A5C13E /* AFNetworkReachabilityManager.m */; };
		0C0C1DAA1CEC444C00A5C13E /* AFSecurityPolicy.m in Sources */ = {isa = PBXBuildFile; fileRef = 0C0C1D881CEC444C00A5C13E /* AFSecurityPolicy.m */; };
		0C0C1DAB1CEC444C00A5C13E /* AFURLConnectionOperation.m in Sources */ = {isa = PBXBuildFile; fileRef = 0C0C1D8A1CEC444C00A5C13E /* AFURLConnectionOperation.m */; };
		0C0C1DAC1CEC444C00A5C13E /* AFURLRequestSerialization.m in Sources */ = {isa = PBXBuildFile; fileRef = 0C0C1D8C1CEC444C00A5C13E /* AFURLRequestSerialization.m */; };
		0C0C1DAD1CEC444C00A5C13E /* AFURLResponseSerialization.m in Sources */ = {isa = PBXBuildFile; fileRef = 0C0C1D8E1CEC444C00A5C13E /* AFURLResponseSerialization.m */; };
		0C0C1DAE1CEC444C00A5C13E /* AFURLSessionManager.m in Sources */ = {isa = PBXBuildFile; fileRef = 0C0C1D901CEC444C00A5C13E /* AFURLSessionManager.m */; };
		0C0C1DAF1CEC444C00A5C13E /* LICENSE in Resources */ = {isa = PBXBuildFile; fileRef = 0C0C1D911CEC444C00A5C13E /* LICENSE */; };
		0C0C1DB01CEC444C00A5C13E /* README.md in Sources */ = {isa = PBXBuildFile; fileRef = 0C0C1D921CEC444C00A5C13E /* README.md */; };
		0C0C1DB11CEC444C00A5C13E /* AFNetworkActivityIndicatorManager.m in Sources */ = {isa = PBXBuildFile; fileRef = 0C0C1D951CEC444C00A5C13E /* AFNetworkActivityIndicatorManager.m */; };
		0C0C1DB21CEC444C00A5C13E /* UIActivityIndicatorView+AFNetworking.m in Sources */ = {isa = PBXBuildFile; fileRef = 0C0C1D971CEC444C00A5C13E /* UIActivityIndicatorView+AFNetworking.m */; };
		0C0C1DB31CEC444C00A5C13E /* UIAlertView+AFNetworking.m in Sources */ = {isa = PBXBuildFile; fileRef = 0C0C1D991CEC444C00A5C13E /* UIAlertView+AFNetworking.m */; };
		0C0C1DB41CEC444C00A5C13E /* UIButton+AFNetworking.m in Sources */ = {isa = PBXBuildFile; fileRef = 0C0C1D9B1CEC444C00A5C13E /* UIButton+AFNetworking.m */; };
		0C0C1DB51CEC444C00A5C13E /* UIImageView+AFNetworking.m in Sources */ = {isa = PBXBuildFile; fileRef = 0C0C1D9E1CEC444C00A5C13E /* UIImageView+AFNetworking.m */; };
		0C0C1DB61CEC444C00A5C13E /* UIProgressView+AFNetworking.m in Sources */ = {isa = PBXBuildFile; fileRef = 0C0C1DA11CEC444C00A5C13E /* UIProgressView+AFNetworking.m */; };
		0C0C1DB71CEC444C00A5C13E /* UIRefreshControl+AFNetworking.m in Sources */ = {isa = PBXBuildFile; fileRef = 0C0C1DA31CEC444C00A5C13E /* UIRefreshControl+AFNetworking.m */; };
		0C0C1DB81CEC444C00A5C13E /* UIWebView+AFNetworking.m in Sources */ = {isa = PBXBuildFile; fileRef = 0C0C1DA51CEC444C00A5C13E /* UIWebView+AFNetworking.m */; };
		0C0C1DBB1CEC50ED00A5C13E /* AdvertiseViewController.m in Sources */ = {isa = PBXBuildFile; fileRef = 0C0C1DBA1CEC50ED00A5C13E /* AdvertiseViewController.m */; };
		0C0C1DBE1CEC73DE00A5C13E /* AdvertiseView.m in Sources */ = {isa = PBXBuildFile; fileRef = 0C0C1DBD1CEC73DE00A5C13E /* AdvertiseView.m */; };
/* End PBXBuildFile section */

/* Begin PBXFileReference section */
		0C0C19401CEBFCBA00F66748 /* appStartDemo.app */ = {isa = PBXFileReference; explicitFileType = wrapper.application; includeInIndex = 0; path = appStartDemo.app; sourceTree = BUILT_PRODUCTS_DIR; };
		0C0C19441CEBFCBA00F66748 /* main.m */ = {isa = PBXFileReference; lastKnownFileType = sourcecode.c.objc; path = main.m; sourceTree = "<group>"; };
		0C0C19461CEBFCBA00F66748 /* AppDelegate.h */ = {isa = PBXFileReference; lastKnownFileType = sourcecode.c.h; path = AppDelegate.h; sourceTree = "<group>"; };
		0C0C19471CEBFCBA00F66748 /* AppDelegate.m */ = {isa = PBXFileReference; lastKnownFileType = sourcecode.c.objc; path = AppDelegate.m; sourceTree = "<group>"; };
		0C0C19491CEBFCBA00F66748 /* ViewController.h */ = {isa = PBXFileReference; lastKnownFileType = sourcecode.c.h; path = ViewController.h; sourceTree = "<group>"; };
		0C0C194A1CEBFCBA00F66748 /* ViewController.m */ = {isa = PBXFileReference; lastKnownFileType = sourcecode.c.objc; path = ViewController.m; sourceTree = "<group>"; };
		0C0C194F1CEBFCBA00F66748 /* Assets.xcassets */ = {isa = PBXFileReference; lastKnownFileType = folder.assetcatalog; path = Assets.xcassets; sourceTree = "<group>"; };
		0C0C19521CEBFCBA00F66748 /* Base */ = {isa = PBXFileReference; lastKnownFileType = file.storyboard; name = Base; path = Base.lproj/LaunchScreen.storyboard; sourceTree = "<group>"; };
		0C0C19541CEBFCBA00F66748 /* Info.plist */ = {isa = PBXFileReference; lastKnownFileType = text.plist.xml; path = Info.plist; sourceTree = "<group>"; };
		0C0C1D7E1CEC444C00A5C13E /* AFHTTPRequestOperation.h */ = {isa = PBXFileReference; fileEncoding = 4; lastKnownFileType = sourcecode.c.h; path = AFHTTPRequestOperation.h; sourceTree = "<group>"; };
		0C0C1D7F1CEC444C00A5C13E /* AFHTTPRequestOperation.m */ = {isa = PBXFileReference; fileEncoding = 4; lastKnownFileType = sourcecode.c.objc; path = AFHTTPRequestOperation.m; sourceTree = "<group>"; };
		0C0C1D801CEC444C00A5C13E /* AFHTTPRequestOperationManager.h */ = {isa = PBXFileReference; fileEncoding = 4; lastKnownFileType = sourcecode.c.h; path = AFHTTPRequestOperationManager.h; sourceTree = "<group>"; };
		0C0C1D811CEC444C00A5C13E /* AFHTTPRequestOperationManager.m */ = {isa = PBXFileReference; fileEncoding = 4; lastKnownFileType = sourcecode.c.objc; path = AFHTTPRequestOperationManager.m; sourceTree = "<group>"; };
		0C0C1D821CEC444C00A5C13E /* AFHTTPSessionManager.h */ = {isa = PBXFileReference; fileEncoding = 4; lastKnownFileType = sourcecode.c.h; path = AFHTTPSessionManager.h; sourceTree = "<group>"; };
		0C0C1D831CEC444C00A5C13E /* AFHTTPSessionManager.m */ = {isa = PBXFileReference; fileEncoding = 4; lastKnownFileType = sourcecode.c.objc; path = AFHTTPSessionManager.m; sourceTree = "<group>"; };
		0C0C1D841CEC444C00A5C13E /* AFNetworking.h */ = {isa = PBXFileReference; fileEncoding = 4; lastKnownFileType = sourcecode.c.h; path = AFNetworking.h; sourceTree = "<group>"; };
		0C0C1D851CEC444C00A5C13E /* AFNetworkReachabilityManager.h */ = {isa = PBXFileReference; fileEncoding = 4; lastKnownFileType = sourcecode.c.h; path = AFNetworkReachabilityManager.h; sourceTree = "<group>"; };
		0C0C1D861CEC444C00A5C13E /* AFNetworkReachabilityManager.m */ = {isa = PBXFileReference; fileEncoding = 4; lastKnownFileType = sourcecode.c.objc; path = AFNetworkReachabilityManager.m; sourceTree = "<group>"; };
		0C0C1D871CEC444C00A5C13E /* AFSecurityPolicy.h */ = {isa = PBXFileReference; fileEncoding = 4; lastKnownFileType = sourcecode.c.h; path = AFSecurityPolicy.h; sourceTree = "<group>"; };
		0C0C1D881CEC444C00A5C13E /* AFSecurityPolicy.m */ = {isa = PBXFileReference; fileEncoding = 4; lastKnownFileType = sourcecode.c.objc; path = AFSecurityPolicy.m; sourceTree = "<group>"; };
		0C0C1D891CEC444C00A5C13E /* AFURLConnectionOperation.h */ = {isa = PBXFileReference; fileEncoding = 4; lastKnownFileType = sourcecode.c.h; path = AFURLConnectionOperation.h; sourceTree = "<group>"; };
		0C0C1D8A1CEC444C00A5C13E /* AFURLConnectionOperation.m */ = {isa = PBXFileReference; fileEncoding = 4; lastKnownFileType = sourcecode.c.objc; path = AFURLConnectionOperation.m; sourceTree = "<group>"; };
		0C0C1D8B1CEC444C00A5C13E /* AFURLRequestSerialization.h */ = {isa = PBXFileReference; fileEncoding = 4; lastKnownFileType = sourcecode.c.h; path = AFURLRequestSerialization.h; sourceTree = "<group>"; };
		0C0C1D8C1CEC444C00A5C13E /* AFURLRequestSerialization.m */ = {isa = PBXFileReference; fileEncoding = 4; lastKnownFileType = sourcecode.c.objc; path = AFURLRequestSerialization.m; sourceTree = "<group>"; };
		0C0C1D8D1CEC444C00A5C13E /* AFURLResponseSerialization.h */ = {isa = PBXFileReference; fileEncoding = 4; lastKnownFileType = sourcecode.c.h; path = AFURLResponseSerialization.h; sourceTree = "<group>"; };
		0C0C1D8E1CEC444C00A5C13E /* AFURLResponseSerialization.m */ = {isa = PBXFileReference; fileEncoding = 4; lastKnownFileType = sourcecode.c.objc; path = AFURLResponseSerialization.m; sourceTree = "<group>"; };
		0C0C1D8F1CEC444C00A5C13E /* AFURLSessionManager.h */ = {isa = PBXFileReference; fileEncoding = 4; lastKnownFileType = sourcecode.c.h; path = AFURLSessionManager.h; sourceTree = "<group>"; };
		0C0C1D901CEC444C00A5C13E /* AFURLSessionManager.m */ = {isa = PBXFileReference; fileEncoding = 4; lastKnownFileType = sourcecode.c.objc; path = AFURLSessionManager.m; sourceTree = "<group>"; };
		0C0C1D911CEC444C00A5C13E /* LICENSE */ = {isa = PBXFileReference; fileEncoding = 4; lastKnownFileType = text; path = LICENSE; sourceTree = "<group>"; };
		0C0C1D921CEC444C00A5C13E /* README.md */ = {isa = PBXFileReference; fileEncoding = 4; lastKnownFileType = net.daringfireball.markdown; path = README.md; sourceTree = "<group>"; };
		0C0C1D941CEC444C00A5C13E /* AFNetworkActivityIndicatorManager.h */ = {isa = PBXFileReference; fileEncoding = 4; lastKnownFileType = sourcecode.c.h; path = AFNetworkActivityIndicatorManager.h; sourceTree = "<group>"; };
		0C0C1D951CEC444C00A5C13E /* AFNetworkActivityIndicatorManager.m */ = {isa = PBXFileReference; fileEncoding = 4; lastKnownFileType = sourcecode.c.objc; path = AFNetworkActivityIndicatorManager.m; sourceTree = "<group>"; };
		0C0C1D961CEC444C00A5C13E /* UIActivityIndicatorView+AFNetworking.h */ = {isa = PBXFileReference; fileEncoding = 4; lastKnownFileType = sourcecode.c.h; path = "UIActivityIndicatorView+AFNetworking.h"; sourceTree = "<group>"; };
		0C0C1D971CEC444C00A5C13E /* UIActivityIndicatorView+AFNetworking.m */ = {isa = PBXFileReference; fileEncoding = 4; lastKnownFileType = sourcecode.c.objc; path = "UIActivityIndicatorView+AFNetworking.m"; sourceTree = "<group>"; };
		0C0C1D981CEC444C00A5C13E /* UIAlertView+AFNetworking.h */ = {isa = PBXFileReference; fileEncoding = 4; lastKnownFileType = sourcecode.c.h; path = "UIAlertView+AFNetworking.h"; sourceTree = "<group>"; };
		0C0C1D991CEC444C00A5C13E /* UIAlertView+AFNetworking.m */ = {isa = PBXFileReference; fileEncoding = 4; lastKnownFileType = sourcecode.c.objc; path = "UIAlertView+AFNetworking.m"; sourceTree = "<group>"; };
		0C0C1D9A1CEC444C00A5C13E /* UIButton+AFNetworking.h */ = {isa = PBXFileReference; fileEncoding = 4; lastKnownFileType = sourcecode.c.h; path = "UIButton+AFNetworking.h"; sourceTree = "<group>"; };
		0C0C1D9B1CEC444C00A5C13E /* UIButton+AFNetworking.m */ = {isa = PBXFileReference; fileEncoding = 4; lastKnownFileType = sourcecode.c.objc; path = "UIButton+AFNetworking.m"; sourceTree = "<group>"; };
		0C0C1D9C1CEC444C00A5C13E /* UIImage+AFNetworking.h */ = {isa = PBXFileReference; fileEncoding = 4; lastKnownFileType = sourcecode.c.h; path = "UIImage+AFNetworking.h"; sourceTree = "<group>"; };
		0C0C1D9D1CEC444C00A5C13E /* UIImageView+AFNetworking.h */ = {isa = PBXFileReference; fileEncoding = 4; lastKnownFileType = sourcecode.c.h; path = "UIImageView+AFNetworking.h"; sourceTree = "<group>"; };
		0C0C1D9E1CEC444C00A5C13E /* UIImageView+AFNetworking.m */ = {isa = PBXFileReference; fileEncoding = 4; lastKnownFileType = sourcecode.c.objc; path = "UIImageView+AFNetworking.m"; sourceTree = "<group>"; };
		0C0C1D9F1CEC444C00A5C13E /* UIKit+AFNetworking.h */ = {isa = PBXFileReference; fileEncoding = 4; lastKnownFileType = sourcecode.c.h; path = "UIKit+AFNetworking.h"; sourceTree = "<group>"; };
		0C0C1DA01CEC444C00A5C13E /* UIProgressView+AFNetworking.h */ = {isa = PBXFileReference; fileEncoding = 4; lastKnownFileType = sourcecode.c.h; path = "UIProgressView+AFNetworking.h"; sourceTree = "<group>"; };
		0C0C1DA11CEC444C00A5C13E /* UIProgressView+AFNetworking.m */ = {isa = PBXFileReference; fileEncoding = 4; lastKnownFileType = sourcecode.c.objc; path = "UIProgressView+AFNetworking.m"; sourceTree = "<group>"; };
		0C0C1DA21CEC444C00A5C13E /* UIRefreshControl+AFNetworking.h */ = {isa = PBXFileReference; fileEncoding = 4; lastKnownFileType = sourcecode.c.h; path = "UIRefreshControl+AFNetworking.h"; sourceTree = "<group>"; };
		0C0C1DA31CEC444C00A5C13E /* UIRefreshControl+AFNetworking.m */ = {isa = PBXFileReference; fileEncoding = 4; lastKnownFileType = sourcecode.c.objc; path = "UIRefreshControl+AFNetworking.m"; sourceTree = "<group>"; };
		0C0C1DA41CEC444C00A5C13E /* UIWebView+AFNetworking.h */ = {isa = PBXFileReference; fileEncoding = 4; lastKnownFileType = sourcecode.c.h; path = "UIWebView+AFNetworking.h"; sourceTree = "<group>"; };
		0C0C1DA51CEC444C00A5C13E /* UIWebView+AFNetworking.m */ = {isa = PBXFileReference; fileEncoding = 4; lastKnownFileType = sourcecode.c.objc; path = "UIWebView+AFNetworking.m"; sourceTree = "<group>"; };
		0C0C1DB91CEC50ED00A5C13E /* AdvertiseViewController.h */ = {isa = PBXFileReference; fileEncoding = 4; lastKnownFileType = sourcecode.c.h; path = AdvertiseViewController.h; sourceTree = "<group>"; };
		0C0C1DBA1CEC50ED00A5C13E /* AdvertiseViewController.m */ = {isa = PBXFileReference; fileEncoding = 4; lastKnownFileType = sourcecode.c.objc; path = AdvertiseViewController.m; sourceTree = "<group>"; };
		0C0C1DBC1CEC73DE00A5C13E /* AdvertiseView.h */ = {isa = PBXFileReference; fileEncoding = 4; lastKnownFileType = sourcecode.c.h; path = AdvertiseView.h; sourceTree = "<group>"; };
		0C0C1DBD1CEC73DE00A5C13E /* AdvertiseView.m */ = {isa = PBXFileReference; fileEncoding = 4; lastKnownFileType = sourcecode.c.objc; path = AdvertiseView.m; sourceTree = "<group>"; };
/* End PBXFileReference section */

/* Begin PBXFrameworksBuildPhase section */
		0C0C193D1CEBFCBA00F66748 /* Frameworks */ = {
			isa = PBXFrameworksBuildPhase;
			buildActionMask = 2147483647;
			files = (
			);
			runOnlyForDeploymentPostprocessing = 0;
		};
/* End PBXFrameworksBuildPhase section */

/* Begin PBXGroup section */
		0C0C19371CEBFCBA00F66748 = {
			isa = PBXGroup;
			children = (
				0C0C19421CEBFCBA00F66748 /* appStartDemo */,
				0C0C19411CEBFCBA00F66748 /* Products */,
			);
			sourceTree = "<group>";
		};
		0C0C19411CEBFCBA00F66748 /* Products */ = {
			isa = PBXGroup;
			children = (
				0C0C19401CEBFCBA00F66748 /* appStartDemo.app */,
			);
			name = Products;
			sourceTree = "<group>";
		};
		0C0C19421CEBFCBA00F66748 /* appStartDemo */ = {
			isa = PBXGroup;
			children = (
				0C0C1D7C1CEC444C00A5C13E /* AFNetworking */,
				0C0C19461CEBFCBA00F66748 /* AppDelegate.h */,
				0C0C19471CEBFCBA00F66748 /* AppDelegate.m */,
				0C0C19491CEBFCBA00F66748 /* ViewController.h */,
				0C0C194A1CEBFCBA00F66748 /* ViewController.m */,
				0C0C1DBC1CEC73DE00A5C13E /* AdvertiseView.h */,
				0C0C1DBD1CEC73DE00A5C13E /* AdvertiseView.m */,
				0C0C1DB91CEC50ED00A5C13E /* AdvertiseViewController.h */,
				0C0C1DBA1CEC50ED00A5C13E /* AdvertiseViewController.m */,
				0C0C194F1CEBFCBA00F66748 /* Assets.xcassets */,
				0C0C19511CEBFCBA00F66748 /* LaunchScreen.storyboard */,
				0C0C19541CEBFCBA00F66748 /* Info.plist */,
				0C0C19431CEBFCBA00F66748 /* Supporting Files */,
			);
			path = appStartDemo;
			sourceTree = "<group>";
		};
		0C0C19431CEBFCBA00F66748 /* Supporting Files */ = {
			isa = PBXGroup;
			children = (
				0C0C19441CEBFCBA00F66748 /* main.m */,
			);
			name = "Supporting Files";
			sourceTree = "<group>";
		};
		0C0C1D7C1CEC444C00A5C13E /* AFNetworking */ = {
			isa = PBXGroup;
			children = (
				0C0C1D7D1CEC444C00A5C13E /* AFNetworking */,
				0C0C1D911CEC444C00A5C13E /* LICENSE */,
				0C0C1D921CEC444C00A5C13E /* README.md */,
				0C0C1D931CEC444C00A5C13E /* UIKit+AFNetworking */,
			);
			path = AFNetworking;
			sourceTree = "<group>";
		};
		0C0C1D7D1CEC444C00A5C13E /* AFNetworking */ = {
			isa = PBXGroup;
			children = (
				0C0C1D7E1CEC444C00A5C13E /* AFHTTPRequestOperation.h */,
				0C0C1D7F1CEC444C00A5C13E /* AFHTTPRequestOperation.m */,
				0C0C1D801CEC444C00A5C13E /* AFHTTPRequestOperationManager.h */,
				0C0C1D811CEC444C00A5C13E /* AFHTTPRequestOperationManager.m */,
				0C0C1D821CEC444C00A5C13E /* AFHTTPSessionManager.h */,
				0C0C1D831CEC444C00A5C13E /* AFHTTPSessionManager.m */,
				0C0C1D841CEC444C00A5C13E /* AFNetworking.h */,
				0C0C1D851CEC444C00A5C13E /* AFNetworkReachabilityManager.h */,
				0C0C1D861CEC444C00A5C13E /* AFNetworkReachabilityManager.m */,
				0C0C1D871CEC444C00A5C13E /* AFSecurityPolicy.h */,
				0C0C1D881CEC444C00A5C13E /* AFSecurityPolicy.m */,
				0C0C1D891CEC444C00A5C13E /* AFURLConnectionOperation.h */,
				0C0C1D8A1CEC444C00A5C13E /* AFURLConnectionOperation.m */,
				0C0C1D8B1CEC444C00A5C13E /* AFURLRequestSerialization.h */,
				0C0C1D8C1CEC444C00A5C13E /* AFURLRequestSerialization.m */,
				0C0C1D8D1CEC444C00A5C13E /* AFURLResponseSerialization.h */,
				0C0C1D8E1CEC444C00A5C13E /* AFURLResponseSerialization.m */,
				0C0C1D8F1CEC444C00A5C13E /* AFURLSessionManager.h */,
				0C0C1D901CEC444C00A5C13E /* AFURLSessionManager.m */,
			);
			path = AFNetworking;
			sourceTree = "<group>";
		};
		0C0C1D931CEC444C00A5C13E /* UIKit+AFNetworking */ = {
			isa = PBXGroup;
			children = (
				0C0C1D941CEC444C00A5C13E /* AFNetworkActivityIndicatorManager.h */,
				0C0C1D951CEC444C00A5C13E /* AFNetworkActivityIndicatorManager.m */,
				0C0C1D961CEC444C00A5C13E /* UIActivityIndicatorView+AFNetworking.h */,
				0C0C1D971CEC444C00A5C13E /* UIActivityIndicatorView+AFNetworking.m */,
				0C0C1D981CEC444C00A5C13E /* UIAlertView+AFNetworking.h */,
				0C0C1D991CEC444C00A5C13E /* UIAlertView+AFNetworking.m */,
				0C0C1D9A1CEC444C00A5C13E /* UIButton+AFNetworking.h */,
				0C0C1D9B1CEC444C00A5C13E /* UIButton+AFNetworking.m */,
				0C0C1D9C1CEC444C00A5C13E /* UIImage+AFNetworking.h */,
				0C0C1D9D1CEC444C00A5C13E /* UIImageView+AFNetworking.h */,
				0C0C1D9E1CEC444C00A5C13E /* UIImageView+AFNetworking.m */,
				0C0C1D9F1CEC444C00A5C13E /* UIKit+AFNetworking.h */,
				0C0C1DA01CEC444C00A5C13E /* UIProgressView+AFNetworking.h */,
				0C0C1DA11CEC444C00A5C13E /* UIProgressView+AFNetworking.m */,
				0C0C1DA21CEC444C00A5C13E /* UIRefreshControl+AFNetworking.h */,
				0C0C1DA31CEC444C00A5C13E /* UIRefreshControl+AFNetworking.m */,
				0C0C1DA41CEC444C00A5C13E /* UIWebView+AFNetworking.h */,
				0C0C1DA51CEC444C00A5C13E /* UIWebView+AFNetworking.m */,
			);
			path = "UIKit+AFNetworking";
			sourceTree = "<group>";
		};
/* End PBXGroup section */

/* Begin PBXNativeTarget section */
		0C0C193F1CEBFCBA00F66748 /* appStartDemo */ = {
			isa = PBXNativeTarget;
			buildConfigurationList = 0C0C19571CEBFCBA00F66748 /* Build configuration list for PBXNativeTarget "appStartDemo" */;
			buildPhases = (
				0C0C193C1CEBFCBA00F66748 /* Sources */,
				0C0C193D1CEBFCBA00F66748 /* Frameworks */,
				0C0C193E1CEBFCBA00F66748 /* Resources */,
			);
			buildRules = (
			);
			dependencies = (
			);
			name = appStartDemo;
			productName = appStartDemo;
			productReference = 0C0C19401CEBFCBA00F66748 /* appStartDemo.app */;
			productType = "com.apple.product-type.application";
		};
/* End PBXNativeTarget section */

/* Begin PBXProject section */
		0C0C19381CEBFCBA00F66748 /* Project object */ = {
			isa = PBXProject;
			attributes = {
				LastUpgradeCheck = 0730;
				ORGANIZATIONNAME = zhq;
				TargetAttributes = {
					0C0C193F1CEBFCBA00F66748 = {
						CreatedOnToolsVersion = 7.3;
					};
				};
			};
			buildConfigurationList = 0C0C193B1CEBFCBA00F66748 /* Build configuration list for PBXProject "appStartDemo" */;
			compatibilityVersion = "Xcode 3.2";
			developmentRegion = English;
			hasScannedForEncodings = 0;
			knownRegions = (
				en,
				Base,
			);
			mainGroup = 0C0C19371CEBFCBA00F66748;
			productRefGroup = 0C0C19411CEBFCBA00F66748 /* Products */;
			projectDirPath = "";
			projectRoot = "";
			targets = (
				0C0C193F1CEBFCBA00F66748 /* appStartDemo */,
			);
		};
/* End PBXProject section */

/* Begin PBXResourcesBuildPhase section */
		0C0C193E1CEBFCBA00F66748 /* Resources */ = {
			isa = PBXResourcesBuildPhase;
			buildActionMask = 2147483647;
			files = (
				0C0C19531CEBFCBA00F66748 /* LaunchScreen.storyboard in Resources */,
				0C0C19501CEBFCBA00F66748 /* Assets.xcassets in Resources */,
				0C0C1DAF1CEC444C00A5C13E /* LICENSE in Resources */,
			);
			runOnlyForDeploymentPostprocessing = 0;
		};
/* End PBXResourcesBuildPhase section */

/* Begin PBXSourcesBuildPhase section */
		0C0C193C1CEBFCBA00F66748 /* Sources */ = {
			isa = PBXSourcesBuildPhase;
			buildActionMask = 2147483647;
			files = (
				0C0C1DB61CEC444C00A5C13E /* UIProgressView+AFNetworking.m in Sources */,
				0C0C1DB41CEC444C00A5C13E /* UIButton+AFNetworking.m in Sources */,
				0C0C1DB71CEC444C00A5C13E /* UIRefreshControl+AFNetworking.m in Sources */,
				0C0C1DB31CEC444C00A5C13E /* UIAlertView+AFNetworking.m in Sources */,
				0C0C1DBB1CEC50ED00A5C13E /* AdvertiseViewController.m in Sources */,
				0C0C1DA61CEC444C00A5C13E /* AFHTTPRequestOperation.m in Sources */,
				0C0C194B1CEBFCBA00F66748 /* ViewController.m in Sources */,
				0C0C1DA71CEC444C00A5C13E /* AFHTTPRequestOperationManager.m in Sources */,
				0C0C1DA91CEC444C00A5C13E /* AFNetworkReachabilityManager.m in Sources */,
				0C0C1DB01CEC444C00A5C13E /* README.md in Sources */,
				0C0C1DBE1CEC73DE00A5C13E /* AdvertiseView.m in Sources */,
				0C0C1DB51CEC444C00A5C13E /* UIImageView+AFNetworking.m in Sources */,
				0C0C1DAD1CEC444C00A5C13E /* AFURLResponseSerialization.m in Sources */,
				0C0C1DB21CEC444C00A5C13E /* UIActivityIndicatorView+AFNetworking.m in Sources */,
				0C0C1DAB1CEC444C00A5C13E /* AFURLConnectionOperation.m in Sources */,
				0C0C1DAA1CEC444C00A5C13E /* AFSecurityPolicy.m in Sources */,
				0C0C1DA81CEC444C00A5C13E /* AFHTTPSessionManager.m in Sources */,
				0C0C1DAC1CEC444C00A5C13E /* AFURLRequestSerialization.m in Sources */,
				0C0C1DAE1CEC444C00A5C13E /* AFURLSessionManager.m in Sources */,
				0C0C1DB81CEC444C00A5C13E /* UIWebView+AFNetworking.m in Sources */,
				0C0C19481CEBFCBA00F66748 /* AppDelegate.m in Sources */,
				0C0C1DB11CEC444C00A5C13E /* AFNetworkActivityIndicatorManager.m in Sources */,
				0C0C19451CEBFCBA00F66748 /* main.m in Sources */,
			);
			runOnlyForDeploymentPostprocessing = 0;
		};
/* End PBXSourcesBuildPhase section */

/* Begin PBXVariantGroup section */
		0C0C19511CEBFCBA00F66748 /* LaunchScreen.storyboard */ = {
			isa = PBXVariantGroup;
			children = (
				0C0C19521CEBFCBA00F66748 /* Base */,
			);
			name = LaunchScreen.storyboard;
			sourceTree = "<group>";
		};
/* End PBXVariantGroup section */

/* Begin XCBuildConfiguration section */
		0C0C19551CEBFCBA00F66748 /* Debug */ = {
			isa = XCBuildConfiguration;
			buildSettings = {
				ALWAYS_SEARCH_USER_PATHS = NO;
				CLANG_ANALYZER_NONNULL = YES;
				CLANG_CXX_LANGUAGE_STANDARD = "gnu++0x";
				CLANG_CXX_LIBRARY = "libc++";
				CLANG_ENABLE_MODULES = YES;
				CLANG_ENABLE_OBJC_ARC = YES;
				CLANG_WARN_BOOL_CONVERSION = YES;
				CLANG_WARN_CONSTANT_CONVERSION = YES;
				CLANG_WARN_DIRECT_OBJC_ISA_USAGE = YES_ERROR;
				CLANG_WARN_EMPTY_BODY = YES;
				CLANG_WARN_ENUM_CONVERSION = YES;
				CLANG_WARN_INT_CONVERSION = YES;
				CLANG_WARN_OBJC_ROOT_CLASS = YES_ERROR;
				CLANG_WARN_UNREACHABLE_CODE = YES;
				CLANG_WARN__DUPLICATE_METHOD_MATCH = YES;
				"CODE_SIGN_IDENTITY[sdk=iphoneos*]" = "iPhone Developer";
				COPY_PHASE_STRIP = NO;
				DEBUG_INFORMATION_FORMAT = dwarf;
				ENABLE_STRICT_OBJC_MSGSEND = YES;
				ENABLE_TESTABILITY = YES;
				GCC_C_LANGUAGE_STANDARD = gnu99;
				GCC_DYNAMIC_NO_PIC = NO;
				GCC_NO_COMMON_BLOCKS = YES;
				GCC_OPTIMIZATION_LEVEL = 0;
				GCC_PREPROCESSOR_DEFINITIONS = (
					"DEBUG=1",
					"$(inherited)",
				);
				GCC_WARN_64_TO_32_BIT_CONVERSION = YES;
				GCC_WARN_ABOUT_RETURN_TYPE = YES_ERROR;
				GCC_WARN_UNDECLARED_SELECTOR = YES;
				GCC_WARN_UNINITIALIZED_AUTOS = YES_AGGRESSIVE;
				GCC_WARN_UNUSED_FUNCTION = YES;
				GCC_WARN_UNUSED_VARIABLE = YES;
				IPHONEOS_DEPLOYMENT_TARGET = 9.3;
				MTL_ENABLE_DEBUG_INFO = YES;
				ONLY_ACTIVE_ARCH = YES;
				SDKROOT = iphoneos;
			};
			name = Debug;
		};
		0C0C19561CEBFCBA00F66748 /* Release */ = {
			isa = XCBuildConfiguration;
			buildSettings = {
				ALWAYS_SEARCH_USER_PATHS = NO;
				CLANG_ANALYZER_NONNULL = YES;
				CLANG_CXX_LANGUAGE_STANDARD = "gnu++0x";
				CLANG_CXX_LIBRARY = "libc++";
				CLANG_ENABLE_MODULES = YES;
				CLANG_ENABLE_OBJC_ARC = YES;
				CLANG_WARN_BOOL_CONVERSION = YES;
				CLANG_WARN_CONSTANT_CONVERSION = YES;
				CLANG_WARN_DIRECT_OBJC_ISA_USAGE = YES_ERROR;
				CLANG_WARN_EMPTY_BODY = YES;
				CLANG_WARN_ENUM_CONVERSION = YES;
				CLANG_WARN_INT_CONVERSION = YES;
				CLANG_WARN_OBJC_ROOT_CLASS = YES_ERROR;
				CLANG_WARN_UNREACHABLE_CODE = YES;
				CLANG_WARN__DUPLICATE_METHOD_MATCH = YES;
				"CODE_SIGN_IDENTITY[sdk=iphoneos*]" = "iPhone Developer";
				COPY_PHASE_STRIP = NO;
				DEBUG_INFORMATION_FORMAT = "dwarf-with-dsym";
				ENABLE_NS_ASSERTIONS = NO;
				ENABLE_STRICT_OBJC_MSGSEND = YES;
				GCC_C_LANGUAGE_STANDARD = gnu99;
				GCC_NO_COMMON_BLOCKS = YES;
				GCC_WARN_64_TO_32_BIT_CONVERSION = YES;
				GCC_WARN_ABOUT_RETURN_TYPE = YES_ERROR;
				GCC_WARN_UNDECLARED_SELECTOR = YES;
				GCC_WARN_UNINITIALIZED_AUTOS = YES_AGGRESSIVE;
				GCC_WARN_UNUSED_FUNCTION = YES;
				GCC_WARN_UNUSED_VARIABLE = YES;
				IPHONEOS_DEPLOYMENT_TARGET = 9.3;
				MTL_ENABLE_DEBUG_INFO = NO;
				SDKROOT = iphoneos;
				VALIDATE_PRODUCT = YES;
			};
			name = Release;
		};
		0C0C19581CEBFCBA00F66748 /* Debug */ = {
			isa = XCBuildConfiguration;
			buildSettings = {
				ASSETCATALOG_COMPILER_APPICON_NAME = AppIcon;
				INFOPLIST_FILE = appStartDemo/Info.plist;
				LD_RUNPATH_SEARCH_PATHS = "$(inherited) @executable_path/Frameworks";
				PRODUCT_BUNDLE_IDENTIFIER = com.nbnip.appStartDemo;
				PRODUCT_NAME = "$(TARGET_NAME)";
			};
			name = Debug;
		};
		0C0C19591CEBFCBA00F66748 /* Release */ = {
			isa = XCBuildConfiguration;
			buildSettings = {
				ASSETCATALOG_COMPILER_APPICON_NAME = AppIcon;
				INFOPLIST_FILE = appStartDemo/Info.plist;
				LD_RUNPATH_SEARCH_PATHS = "$(inherited) @executable_path/Frameworks";
				PRODUCT_BUNDLE_IDENTIFIER = com.nbnip.appStartDemo;
				PRODUCT_NAME = "$(TARGET_NAME)";
			};
			name = Release;
		};
/* End XCBuildConfiguration section */

/* Begin XCConfigurationList section */
		0C0C193B1CEBFCBA00F66748 /* Build configuration list for PBXProject "appStartDemo" */ = {
			isa = XCConfigurationList;
			buildConfigurations = (
				0C0C19551CEBFCBA00F66748 /* Debug */,
				0C0C19561CEBFCBA00F66748 /* Release */,
			);
			defaultConfigurationIsVisible = 0;
			defaultConfigurationName = Release;
		};
		0C0C19571CEBFCBA00F66748 /* Build configuration list for PBXNativeTarget "appStartDemo" */ = {
			isa = XCConfigurationList;
			buildConfigurations = (
				0C0C19581CEBFCBA00F66748 /* Debug */,
				0C0C19591CEBFCBA00F66748 /* Release */,
			);
			defaultConfigurationIsVisible = 0;
			defaultConfigurationName = Release;
		};
/* End XCConfigurationList section */
	};
	rootObject = 0C0C19381CEBFCBA00F66748 /* Project object */;
}
